Microsoft Visual Studio Solution File, Format Version 12.00
# Visual Studio Version 17
VisualStudioVersion = 17.5.2.0
MinimumVisualStudioVersion = 10.0.40219.1
Project("{FAE04EC0-301F-11D3-BF4B-00C04F79EFBC}") = "tres_valores", "tres_valores.csproj", "{A7BCC502-168C-4AB8-FC5D-FDD680B5ED73}"
EndProject
Global
	GlobalSection(SolutionConfigurationPlatforms) = preSolution
		Debug|Any CPU = Debug|Any CPU
		Release|Any CPU = Release|Any CPU
	EndGlobalSection
	GlobalSection(ProjectConfigurationPlatforms) = postSolution
		{A7BCC502-168C-4AB8-FC5D-FDD680B5ED73}.Debug|Any CPU.ActiveCfg = Debug|Any CPU
		{A7BCC502-168C-4AB8-FC5D-FDD680B5ED73}.Debug|Any CPU.Build.0 = Debug|Any CPU
		{A7BCC502-168C-4AB8-FC5D-FDD680B5ED73}.Release|Any CPU.ActiveCfg = Release|Any CPU
		{A7BCC502-168C-4AB8-FC5D-FDD680B5ED73}.Release|Any CPU.Build.0 = Release|Any CPU
	EndGlobalSection
	GlobalSection(SolutionProperties) = preSolution
		HideSolutionNode = FALSE
	EndGlobalSection
	GlobalSection(ExtensibilityGlobals) = postSolution
		SolutionGuid = {E5F5AA61-E745-4261-92CB-499C8DA8184C}
	EndGlobalSection
EndGlobal
